
Microsoft Visual Studio Solution File, Format Version 12.00
# Visual Studio Version 17
VisualStudioVersion = 17.6.33829.357
MinimumVisualStudioVersion = 10.0.40219.1
Project("{FAE04EC0-301F-11D3-BF4B-00C04F79EFBC}") = "WebPucMinas", "WebPucMinas\WebPucMinas.csproj", "{A5C2E66E-01EC-4C8E-802D-56544E8DEDFC}"
EndProject
Global
	GlobalSection(SolutionConfigurationPlatforms) = preSolution
		Debug|Any CPU = Debug|Any CPU
		Release|Any CPU = Release|Any CPU
	EndGlobalSection
	GlobalSection(ProjectConfigurationPlatforms) = postSolution
		{A5C2E66E-01EC-4C8E-802D-56544E8DEDFC}.Debug|Any CPU.ActiveCfg = Debug|Any CPU
		{A5C2E66E-01EC-4C8E-802D-56544E8DEDFC}.Debug|Any CPU.Build.0 = Debug|Any CPU
		{A5C2E66E-01EC-4C8E-802D-56544E8DEDFC}.Release|Any CPU.ActiveCfg = Release|Any CPU
		{A5C2E66E-01EC-4C8E-802D-56544E8DEDFC}.Release|Any CPU.Build.0 = Release|Any CPU
	EndGlobalSection
	GlobalSection(SolutionProperties) = preSolution
		HideSolutionNode = FALSE
	EndGlobalSection
	GlobalSection(ExtensibilityGlobals) = postSolution
		SolutionGuid = {7222FB27-4E65-430C-97F4-DE70025247A2}
	EndGlobalSection
EndGlobal
